// !$*UTF8*$!
{
	archiveVersion = 1;
	classes = {
	};
	objectVersion = 56;
	objects = {

/* Begin PBXBuildFile section */
		FA4935B42B3AF1BC00AF85FE /* AppDelegate.swift in Sources */ = {isa = PBXBuildFile; fileRef = FA4935B32B3AF1BC00AF85FE /* AppDelegate.swift */; };
		FA4935B62B3AF1BC00AF85FE /* SceneDelegate.swift in Sources */ = {isa = PBXBuildFile; fileRef = FA4935B52B3AF1BC00AF85FE /* SceneDelegate.swift */; };
		FA4935B82B3AF1BC00AF85FE /* ViewController.swift in Sources */ = {isa = PBXBuildFile; fileRef = FA4935B72B3AF1BC00AF85FE /* ViewController.swift */; };
		FA4935BB2B3AF1BC00AF85FE /* Main.storyboard in Resources */ = {isa = PBXBuildFile; fileRef = FA4935B92B3AF1BC00AF85FE /* Main.storyboard */; };
		FA4935BD2B3AF1C100AF85FE /* Assets.xcassets in Resources */ = {isa = PBXBuildFile; fileRef = FA4935BC2B3AF1C100AF85FE /* Assets.xcassets */; };
		FA4935C02B3AF1C100AF85FE /* LaunchScreen.storyboard in Resources */ = {isa = PBXBuildFile; fileRef = FA4935BE2B3AF1C100AF85FE /* LaunchScreen.storyboard */; };
		FA4935CB2B3AF1C200AF85FE /* landmarkBookTests.swift in Sources */ = {isa = PBXBuildFile; fileRef = FA4935CA2B3AF1C200AF85FE /* landmarkBookTests.swift */; };
		FA4935D52B3AF1C200AF85FE /* landmarkBookUITests.swift in Sources */ = {isa = PBXBuildFile; fileRef = FA4935D42B3AF1C200AF85FE /* landmarkBookUITests.swift */; };
		FA4935D72B3AF1C200AF85FE /* landmarkBookUITestsLaunchTests.swift in Sources */ = {isa = PBXBuildFile; fileRef = FA4935D62B3AF1C200AF85FE /* landmarkBookUITestsLaunchTests.swift */; };
		FA4935E42B3C254200AF85FE /* detailsvc.swift in Sources */ = {isa = PBXBuildFile; fileRef = FA4935E32B3C254200AF85FE /* detailsvc.swift */; };
/* End PBXBuildFile section */

/* Begin PBXContainerItemProxy section */
		FA4935C72B3AF1C200AF85FE /* PBXContainerItemProxy */ = {
			isa = PBXContainerItemProxy;
			containerPortal = FA4935A82B3AF1BB00AF85FE /* Project object */;
			proxyType = 1;
			remoteGlobalIDString = FA4935AF2B3AF1BC00AF85FE;
			remoteInfo = landmarkBook;
		};
		FA4935D12B3AF1C200AF85FE /* PBXContainerItemProxy */ = {
			isa = PBXContainerItemProxy;
			containerPortal = FA4935A82B3AF1BB00AF85FE /* Project object */;
			proxyType = 1;
			remoteGlobalIDString = FA4935AF2B3AF1BC00AF85FE;
			remoteInfo = landmarkBook;
		};
/* End PBXContainerItemProxy section */

/* Begin PBXFileReference section */
		FA4935B02B3AF1BC00AF85FE /* landmarkBook.app */ = {isa = PBXFileReference; explicitFileType = wrapper.application; includeInIndex = 0; path = landmarkBook.app; sourceTree = BUILT_PRODUCTS_DIR; };
		FA4935B32B3AF1BC00AF85FE /* AppDelegate.swift */ = {isa = PBXFileReference; lastKnownFileType = sourcecode.swift; path = AppDelegate.swift; sourceTree = "<group>"; };
		FA4935B52B3AF1BC00AF85FE /* SceneDelegate.swift */ = {isa = PBXFileReference; lastKnownFileType = sourcecode.swift; path = SceneDelegate.swift; sourceTree = "<group>"; };
		FA4935B72B3AF1BC00AF85FE /* ViewController.swift */ = {isa = PBXFileReference; lastKnownFileType = sourcecode.swift; path = ViewController.swift; sourceTree = "<group>"; };
		FA4935BA2B3AF1BC00AF85FE /* Base */ = {isa = PBXFileReference; lastKnownFileType = file.storyboard; name = Base; path = Base.lproj/Main.storyboard; sourceTree = "<group>"; };
		FA4935BC2B3AF1C100AF85FE /* Assets.xcassets */ = {isa = PBXFileReference; lastKnownFileType = folder.assetcatalog; path = Assets.xcassets; sourceTree = "<group>"; };
		FA4935BF2B3AF1C100AF85FE /* Base */ = {isa = PBXFileReference; lastKnownFileType = file.storyboard; name = Base; path = Base.lproj/LaunchScreen.storyboard; sourceTree = "<group>"; };
		FA4935C12B3AF1C100AF85FE /* Info.plist */ = {isa = PBXFileReference; lastKnownFileType = text.plist.xml; path = Info.plist; sourceTree = "<group>"; };
		FA4935C62B3AF1C200AF85FE /* landmarkBookTests.xctest */ = {isa = PBXFileReference; explicitFileType = wrapper.cfbundle; includeInIndex = 0; path = landmarkBookTests.xctest; sourceTree = BUILT_PRODUCTS_DIR; };
		FA4935CA2B3AF1C200AF85FE /* landmarkBookTests.swift */ = {isa = PBXFileReference; lastKnownFileType = sourcecode.swift; path = landmarkBookTests.swift; sourceTree = "<group>"; };
		FA4935D02B3AF1C200AF85FE /* landmarkBookUITests.xctest */ = {isa = PBXFileReference; explicitFileType = wrapper.cfbundle; includeInIndex = 0; path = landmarkBookUITests.xctest; sourceTree = BUILT_PRODUCTS_DIR; };
		FA4935D42B3AF1C200AF85FE /* landmarkBookUITests.swift */ = {isa = PBXFileReference; lastKnownFileType = sourcecode.swift; path = landmarkBookUITests.swift; sourceTree = "<group>"; };
		FA4935D62B3AF1C200AF85FE /* landmarkBookUITestsLaunchTests.swift */ = {isa = PBXFileReference; lastKnownFileType = sourcecode.swift; path = landmarkBookUITestsLaunchTests.swift; sourceTree = "<group>"; };
		FA4935E32B3C254200AF85FE /* detailsvc.swift */ = {isa = PBXFileReference; lastKnownFileType = sourcecode.swift; path = detailsvc.swift; sourceTree = "<group>"; };
/* End PBXFileReference section */

/* Begin PBXFrameworksBuildPhase section */
		FA4935AD2B3AF1BC00AF85FE /* Frameworks */ = {
			isa = PBXFrameworksBuildPhase;
			buildActionMask = 2147483647;
			files = (
			);
			runOnlyForDeploymentPostprocessing = 0;
		};
		FA4935C32B3AF1C200AF85FE /* Frameworks */ = {
			isa = PBXFrameworksBuildPhase;
			buildActionMask = 2147483647;
			files = (
			);
			runOnlyForDeploymentPostprocessing = 0;
		};
		FA4935CD2B3AF1C200AF85FE /* Frameworks */ = {
			isa = PBXFrameworksBuildPhase;
			buildActionMask = 2147483647;
			files = (
			);
			runOnlyForDeploymentPostprocessing = 0;
		};
/* End PBXFrameworksBuildPhase section */

/* Begin PBXGroup section */
		FA4935A72B3AF1BB00AF85FE = {
			isa = PBXGroup;
			children = (
				FA4935B22B3AF1BC00AF85FE /* landmarkBook */,
				FA4935C92B3AF1C200AF85FE /* landmarkBookTests */,
				FA4935D32B3AF1C200AF85FE /* landmarkBookUITests */,
				FA4935B12B3AF1BC00AF85FE /* Products */,
			);
			sourceTree = "<group>";
		};
		FA4935B12B3AF1BC00AF85FE /* Products */ = {
			isa = PBXGroup;
			children = (
				FA4935B02B3AF1BC00AF85FE /* landmarkBook.app */,
				FA4935C62B3AF1C200AF85FE /* landmarkBookTests.xctest */,
				FA4935D02B3AF1C200AF85FE /* landmarkBookUITests.xctest */,
			);
			name = Products;
			sourceTree = "<group>";
		};
		FA4935B22B3AF1BC00AF85FE /* landmarkBook */ = {
			isa = PBXGroup;
			children = (
				FA4935B32B3AF1BC00AF85FE /* AppDelegate.swift */,
				FA4935B52B3AF1BC00AF85FE /* SceneDelegate.swift */,
				FA4935B72B3AF1BC00AF85FE /* ViewController.swift */,
				FA4935E32B3C254200AF85FE /* detailsvc.swift */,
				FA4935B92B3AF1BC00AF85FE /* Main.storyboard */,
				FA4935BC2B3AF1C100AF85FE /* Assets.xcassets */,
				FA4935BE2B3AF1C100AF85FE /* LaunchScreen.storyboard */,
				FA4935C12B3AF1C100AF85FE /* Info.plist */,
			);
			path = landmarkBook;
			sourceTree = "<group>";
		};
		FA4935C92B3AF1C200AF85FE /* landmarkBookTests */ = {
			isa = PBXGroup;
			children = (
				FA4935CA2B3AF1C200AF85FE /* landmarkBookTests.swift */,
			);
			path = landmarkBookTests;
			sourceTree = "<group>";
		};
		FA4935D32B3AF1C200AF85FE /* landmarkBookUITests */ = {
			isa = PBXGroup;
			children = (
				FA4935D42B3AF1C200AF85FE /* landmarkBookUITests.swift */,
				FA4935D62B3AF1C200AF85FE /* landmarkBookUITestsLaunchTests.swift */,
			);
			path = landmarkBookUITests;
			sourceTree = "<group>";
		};
/* End PBXGroup section */

/* Begin PBXNativeTarget section */
		FA4935AF2B3AF1BC00AF85FE /* landmarkBook */ = {
			isa = PBXNativeTarget;
			buildConfigurationList = FA4935DA2B3AF1C200AF85FE /* Build configuration list for PBXNativeTarget "landmarkBook" */;
			buildPhases = (
				FA4935AC2B3AF1BC00AF85FE /* Sources */,
				FA4935AD2B3AF1BC00AF85FE /* Frameworks */,
				FA4935AE2B3AF1BC00AF85FE /* Resources */,
			);
			buildRules = (
			);
			dependencies = (
			);
			name = landmarkBook;
			productName = landmarkBook;
			productReference = FA4935B02B3AF1BC00AF85FE /* landmarkBook.app */;
			productType = "com.apple.product-type.application";
		};
		FA4935C52B3AF1C200AF85FE /* landmarkBookTests */ = {
			isa = PBXNativeTarget;
			buildConfigurationList = FA4935DD2B3AF1C200AF85FE /* Build configuration list for PBXNativeTarget "landmarkBookTests" */;
			buildPhases = (
				FA4935C22B3AF1C200AF85FE /* Sources */,
				FA4935C32B3AF1C200AF85FE /* Frameworks */,
				FA4935C42B3AF1C200AF85FE /* Resources */,
			);
			buildRules = (
			);
			dependencies = (
				FA4935C82B3AF1C200AF85FE /* PBXTargetDependency */,
			);
			name = landmarkBookTests;
			productName = landmarkBookTests;
			productReference = FA4935C62B3AF1C200AF85FE /* landmarkBookTests.xctest */;
			productType = "com.apple.product-type.bundle.unit-test";
		};
		FA4935CF2B3AF1C200AF85FE /* landmarkBookUITests */ = {
			isa = PBXNativeTarget;
			buildConfigurationList = FA4935E02B3AF1C200AF85FE /* Build configuration list for PBXNativeTarget "landmarkBookUITests" */;
			buildPhases = (
				FA4935CC2B3AF1C200AF85FE /* Sources */,
				FA4935CD2B3AF1C200AF85FE /* Frameworks */,
				FA4935CE2B3AF1C200AF85FE /* Resources */,
			);
			buildRules = (
			);
			dependencies = (
				FA4935D22B3AF1C200AF85FE /* PBXTargetDependency */,
			);
			name = landmarkBookUITests;
			productName = landmarkBookUITests;
			productReference = FA4935D02B3AF1C200AF85FE /* landmarkBookUITests.xctest */;
			productType = "com.apple.product-type.bundle.ui-testing";
		};
/* End PBXNativeTarget section */

/* Begin PBXProject section */
		FA4935A82B3AF1BB00AF85FE /* Project object */ = {
			isa = PBXProject;
			attributes = {
				BuildIndependentTargetsInParallel = 1;
				LastSwiftUpdateCheck = 1500;
				LastUpgradeCheck = 1500;
				TargetAttributes = {
					FA4935AF2B3AF1BC00AF85FE = {
						CreatedOnToolsVersion = 15.0.1;
					};
					FA4935C52B3AF1C200AF85FE = {
						CreatedOnToolsVersion = 15.0.1;
						TestTargetID = FA4935AF2B3AF1BC00AF85FE;
					};
					FA4935CF2B3AF1C200AF85FE = {
						CreatedOnToolsVersion = 15.0.1;
						TestTargetID = FA4935AF2B3AF1BC00AF85FE;
					};
				};
			};
			buildConfigurationList = FA4935AB2B3AF1BB00AF85FE /* Build configuration list for PBXProject "landmarkBook" */;
			compatibilityVersion = "Xcode 14.0";
			developmentRegion = en;
			hasScannedForEncodings = 0;
			knownRegions = (
				en,
				Base,
			);
			mainGroup = FA4935A72B3AF1BB00AF85FE;
			productRefGroup = FA4935B12B3AF1BC00AF85FE /* Products */;
			projectDirPath = "";
			projectRoot = "";
			targets = (
				FA4935AF2B3AF1BC00AF85FE /* landmarkBook */,
				FA4935C52B3AF1C200AF85FE /* landmarkBookTests */,
				FA4935CF2B3AF1C200AF85FE /* landmarkBookUITests */,
			);
		};
/* End PBXProject section */

/* Begin PBXResourcesBuildPhase section */
		FA4935AE2B3AF1BC00AF85FE /* Resources */ = {
			isa = PBXResourcesBuildPhase;
			buildActionMask = 2147483647;
			files = (
				FA4935C02B3AF1C100AF85FE /* LaunchScreen.storyboard in Resources */,
				FA4935BD2B3AF1C100AF85FE /* Assets.xcassets in Resources */,
				FA4935BB2B3AF1BC00AF85FE /* Main.storyboard in Resources */,
			);
			runOnlyForDeploymentPostprocessing = 0;
		};
		FA4935C42B3AF1C200AF85FE /* Resources */ = {
			isa = PBXResourcesBuildPhase;
			buildActionMask = 2147483647;
			files = (
			);
			runOnlyForDeploymentPostprocessing = 0;
		};
		FA4935CE2B3AF1C200AF85FE /* Resources */ = {
			isa = PBXResourcesBuildPhase;
			buildActionMask = 2147483647;
			files = (
			);
			runOnlyForDeploymentPostprocessing = 0;
		};
/* End PBXResourcesBuildPhase section */

/* Begin PBXSourcesBuildPhase section */
		FA4935AC2B3AF1BC00AF85FE /* Sources */ = {
			isa = PBXSourcesBuildPhase;
			buildActionMask = 2147483647;
			files = (
				FA4935B82B3AF1BC00AF85FE /* ViewController.swift in Sources */,
				FA4935E42B3C254200AF85FE /* detailsvc.swift in Sources */,
				FA4935B42B3AF1BC00AF85FE /* AppDelegate.swift in Sources */,
				FA4935B62B3AF1BC00AF85FE /* SceneDelegate.swift in Sources */,
			);
			runOnlyForDeploymentPostprocessing = 0;
		};
		FA4935C22B3AF1C200AF85FE /* Sources */ = {
			isa = PBXSourcesBuildPhase;
			buildActionMask = 2147483647;
			files = (
				FA4935CB2B3AF1C200AF85FE /* landmarkBookTests.swift in Sources */,
			);
			runOnlyForDeploymentPostprocessing = 0;
		};
		FA4935CC2B3AF1C200AF85FE /* Sources */ = {
			isa = PBXSourcesBuildPhase;
			buildActionMask = 2147483647;
			files = (
				FA4935D52B3AF1C200AF85FE /* landmarkBookUITests.swift in Sources */,
				FA4935D72B3AF1C200AF85FE /* landmarkBookUITestsLaunchTests.swift in Sources */,
			);
			runOnlyForDeploymentPostprocessing = 0;
		};
/* End PBXSourcesBuildPhase section */

/* Begin PBXTargetDependency section */
		FA4935C82B3AF1C200AF85FE /* PBXTargetDependency */ = {
			isa = PBXTargetDependency;
			target = FA4935AF2B3AF1BC00AF85FE /* landmarkBook */;
			targetProxy = FA4935C72B3AF1C200AF85FE /* PBXContainerItemProxy */;
		};
		FA4935D22B3AF1C200AF85FE /* PBXTargetDependency */ = {
			isa = PBXTargetDependency;
			target = FA4935AF2B3AF1BC00AF85FE /* landmarkBook */;
			targetProxy = FA4935D12B3AF1C200AF85FE /* PBXContainerItemProxy */;
		};
/* End PBXTargetDependency section */

/* Begin PBXVariantGroup section */
		FA4935B92B3AF1BC00AF85FE /* Main.storyboard */ = {
			isa = PBXVariantGroup;
			children = (
				FA4935BA2B3AF1BC00AF85FE /* Base */,
			);
			name = Main.storyboard;
			sourceTree = "<group>";
		};
		FA4935BE2B3AF1C100AF85FE /* LaunchScreen.storyboard */ = {
			isa = PBXVariantGroup;
			children = (
				FA4935BF2B3AF1C100AF85FE /* Base */,
			);
			name = LaunchScreen.storyboard;
			sourceTree = "<group>";
		};
/* End PBXVariantGroup section */

/* Begin XCBuildConfiguration section */
		FA4935D82B3AF1C200AF85FE /* Debug */ = {
			isa = XCBuildConfiguration;
			buildSettings = {
				ALWAYS_SEARCH_USER_PATHS = NO;
				ASSETCATALOG_COMPILER_GENERATE_SWIFT_ASSET_SYMBOL_EXTENSIONS = YES;
				CLANG_ANALYZER_NONNULL = YES;
				CLANG_ANALYZER_NUMBER_OBJECT_CONVERSION = YES_AGGRESSIVE;
				CLANG_CXX_LANGUAGE_STANDARD = "gnu++20";
				CLANG_ENABLE_MODULES = YES;
				CLANG_ENABLE_OBJC_ARC = YES;
				CLANG_ENABLE_OBJC_WEAK = YES;
				CLANG_WARN_BLOCK_CAPTURE_AUTORELEASING = YES;
				CLANG_WARN_BOOL_CONVERSION = YES;
				CLANG_WARN_COMMA = YES;
				CLANG_WARN_CONSTANT_CONVERSION = YES;
				CLANG_WARN_DEPRECATED_OBJC_IMPLEMENTATIONS = YES;
				CLANG_WARN_DIRECT_OBJC_ISA_USAGE = YES_ERROR;
				CLANG_WARN_DOCUMENTATION_COMMENTS = YES;
				CLANG_WARN_EMPTY_BODY = YES;
				CLANG_WARN_ENUM_CONVERSION = YES;
				CLANG_WARN_INFINITE_RECURSION = YES;
				CLANG_WARN_INT_CONVERSION = YES;
				CLANG_WARN_NON_LITERAL_NULL_CONVERSION = YES;
				CLANG_WARN_OBJC_IMPLICIT_RETAIN_SELF = YES;
				CLANG_WARN_OBJC_LITERAL_CONVERSION = YES;
				CLANG_WARN_OBJC_ROOT_CLASS = YES_ERROR;
				CLANG_WARN_QUOTED_INCLUDE_IN_FRAMEWORK_HEADER = YES;
				CLANG_WARN_RANGE_LOOP_ANALYSIS = YES;
				CLANG_WARN_STRICT_PROTOTYPES = YES;
				CLANG_WARN_SUSPICIOUS_MOVE = YES;
				CLANG_WARN_UNGUARDED_AVAILABILITY = YES_AGGRESSIVE;
				CLANG_WARN_UNREACHABLE_CODE = YES;
				CLANG_WARN__DUPLICATE_METHOD_MATCH = YES;
				COPY_PHASE_STRIP = NO;
				DEBUG_INFORMATION_FORMAT = dwarf;
				ENABLE_STRICT_OBJC_MSGSEND = YES;
				ENABLE_TESTABILITY = YES;
				ENABLE_USER_SCRIPT_SANDBOXING = YES;
				GCC_C_LANGUAGE_STANDARD = gnu17;
				GCC_DYNAMIC_NO_PIC = NO;
				GCC_NO_COMMON_BLOCKS = YES;
				GCC_OPTIMIZATION_LEVEL = 0;
				GCC_PREPROCESSOR_DEFINITIONS = (
					"DEBUG=1",
					"$(inherited)",
				);
				GCC_WARN_64_TO_32_BIT_CONVERSION = YES;
				GCC_WARN_ABOUT_RETURN_TYPE = YES_ERROR;
				GCC_WARN_UNDECLARED_SELECTOR = YES;
				GCC_WARN_UNINITIALIZED_AUTOS = YES_AGGRESSIVE;
				GCC_WARN_UNUSED_FUNCTION = YES;
				GCC_WARN_UNUSED_VARIABLE = YES;
				IPHONEOS_DEPLOYMENT_TARGET = 17.0;
				LOCALIZATION_PREFERS_STRING_CATALOGS = YES;
				MTL_ENABLE_DEBUG_INFO = INCLUDE_SOURCE;
				MTL_FAST_MATH = YES;
				ONLY_ACTIVE_ARCH = YES;
				SDKROOT = iphoneos;
				SWIFT_ACTIVE_COMPILATION_CONDITIONS = "DEBUG $(inherited)";
				SWIFT_OPTIMIZATION_LEVEL = "-Onone";
			};
			name = Debug;
		};
		FA4935D92B3AF1C200AF85FE /* Release */ = {
			isa = XCBuildConfiguration;
			buildSettings = {
				ALWAYS_SEARCH_USER_PATHS = NO;
				ASSETCATALOG_COMPILER_GENERATE_SWIFT_ASSET_SYMBOL_EXTENSIONS = YES;
				CLANG_ANALYZER_NONNULL = YES;
				CLANG_ANALYZER_NUMBER_OBJECT_CONVERSION = YES_AGGRESSIVE;
				CLANG_CXX_LANGUAGE_STANDARD = "gnu++20";
				CLANG_ENABLE_MODULES = YES;
				CLANG_ENABLE_OBJC_ARC = YES;
				CLANG_ENABLE_OBJC_WEAK = YES;
				CLANG_WARN_BLOCK_CAPTURE_AUTORELEASING = YES;
				CLANG_WARN_BOOL_CONVERSION = YES;
				CLANG_WARN_COMMA = YES;
				CLANG_WARN_CONSTANT_CONVERSION = YES;
				CLANG_WARN_DEPRECATED_OBJC_IMPLEMENTATIONS = YES;
				CLANG_WARN_DIRECT_OBJC_ISA_USAGE = YES_ERROR;
				CLANG_WARN_DOCUMENTATION_COMMENTS = YES;
				CLANG_WARN_EMPTY_BODY = YES;
				CLANG_WARN_ENUM_CONVERSION = YES;
				CLANG_WARN_INFINITE_RECURSION = YES;
				CLANG_WARN_INT_CONVERSION = YES;
				CLANG_WARN_NON_LITERAL_NULL_CONVERSION = YES;
				CLANG_WARN_OBJC_IMPLICIT_RETAIN_SELF = YES;
				CLANG_WARN_OBJC_LITERAL_CONVERSION = YES;
				CLANG_WARN_OBJC_ROOT_CLASS = YES_ERROR;
				CLANG_WARN_QUOTED_INCLUDE_IN_FRAMEWORK_HEADER = YES;
				CLANG_WARN_RANGE_LOOP_ANALYSIS = YES;
				CLANG_WARN_STRICT_PROTOTYPES = YES;
				CLANG_WARN_SUSPICIOUS_MOVE = YES;
				CLANG_WARN_UNGUARDED_AVAILABILITY = YES_AGGRESSIVE;
				CLANG_WARN_UNREACHABLE_CODE = YES;
				CLANG_WARN__DUPLICATE_METHOD_MATCH = YES;
				COPY_PHASE_STRIP = NO;
				DEBUG_INFORMATION_FORMAT = "dwarf-with-dsym";
				ENABLE_NS_ASSERTIONS = NO;
				ENABLE_STRICT_OBJC_MSGSEND = YES;
				ENABLE_USER_SCRIPT_SANDBOXING = YES;
				GCC_C_LANGUAGE_STANDARD = gnu17;
				GCC_NO_COMMON_BLOCKS = YES;
				GCC_WARN_64_TO_32_BIT_CONVERSION = YES;
				GCC_WARN_ABOUT_RETURN_TYPE = YES_ERROR;
				GCC_WARN_UNDECLARED_SELECTOR = YES;
				GCC_WARN_UNINITIALIZED_AUTOS = YES_AGGRESSIVE;
				GCC_WARN_UNUSED_FUNCTION = YES;
				GCC_WARN_UNUSED_VARIABLE = YES;
				IPHONEOS_DEPLOYMENT_TARGET = 17.0;
				LOCALIZATION_PREFERS_STRING_CATALOGS = YES;
				MTL_ENABLE_DEBUG_INFO = NO;
				MTL_FAST_MATH = YES;
				SDKROOT = iphoneos;
				SWIFT_COMPILATION_MODE = wholemodule;
				VALIDATE_PRODUCT = YES;
			};
			name = Release;
		};
		FA4935DB2B3AF1C200AF85FE /* Debug */ = {
			isa = XCBuildConfiguration;
			buildSettings = {
				ASSETCATALOG_COMPILER_APPICON_NAME = AppIcon;
				ASSETCATALOG_COMPILER_GLOBAL_ACCENT_COLOR_NAME = AccentColor;
				CODE_SIGN_STYLE = Automatic;
				CURRENT_PROJECT_VERSION = 1;
				DEVELOPMENT_TEAM = M5KWTTU9MA;
				GENERATE_INFOPLIST_FILE = YES;
				INFOPLIST_FILE = landmarkBook/Info.plist;
				INFOPLIST_KEY_UIApplicationSupportsIndirectInputEvents = YES;
				INFOPLIST_KEY_UILaunchStoryboardName = LaunchScreen;
				INFOPLIST_KEY_UIMainStoryboardFile = Main;
				INFOPLIST_KEY_UISupportedInterfaceOrientations_iPad = "UIInterfaceOrientationPortrait UIInterfaceOrientationPortraitUpsideDown UIInterfaceOrientationLandscapeLeft UIInterfaceOrientationLandscapeRight";
				INFOPLIST_KEY_UISupportedInterfaceOrientations_iPhone = "UIInterfaceOrientationPortrait UIInterfaceOrientationLandscapeLeft UIInterfaceOrientationLandscapeRight";
				LD_RUNPATH_SEARCH_PATHS = (
					"$(inherited)",
					"@executable_path/Frameworks",
				);
				MARKETING_VERSION = 1.0;
				PRODUCT_BUNDLE_IDENTIFIER = com.deneme.landmarkBook;
				PRODUCT_NAME = "$(TARGET_NAME)";
				SWIFT_EMIT_LOC_STRINGS = YES;
				SWIFT_VERSION = 5.0;
				TARGETED_DEVICE_FAMILY = "1,2";
			};
			name = Debug;
		};
		FA4935DC2B3AF1C200AF85FE /* Release */ = {
			isa = XCBuildConfiguration;
			buildSettings = {
				ASSETCATALOG_COMPILER_APPICON_NAME = AppIcon;
				ASSETCATALOG_COMPILER_GLOBAL_ACCENT_COLOR_NAME = AccentColor;
				CODE_SIGN_STYLE = Automatic;
				CURRENT_PROJECT_VERSION = 1;
				DEVELOPMENT_TEAM = M5KWTTU9MA;
				GENERATE_INFOPLIST_FILE = YES;
				INFOPLIST_FILE = landmarkBook/Info.plist;
				INFOPLIST_KEY_UIApplicationSupportsIndirectInputEvents = YES;
				INFOPLIST_KEY_UILaunchStoryboardName = LaunchScreen;
				INFOPLIST_KEY_UIMainStoryboardFile = Main;
				INFOPLIST_KEY_UISupportedInterfaceOrientations_iPad = "UIInterfaceOrientationPortrait UIInterfaceOrientationPortraitUpsideDown UIInterfaceOrientationLandscapeLeft UIInterfaceOrientationLandscapeRight";
				INFOPLIST_KEY_UISupportedInterfaceOrientations_iPhone = "UIInterfaceOrientationPortrait UIInterfaceOrientationLandscapeLeft UIInterfaceOrientationLandscapeRight";
				LD_RUNPATH_SEARCH_PATHS = (
					"$(inherited)",
					"@executable_path/Frameworks",
				);
				MARKETING_VERSION = 1.0;
				PRODUCT_BUNDLE_IDENTIFIER = com.deneme.landmarkBook;
				PRODUCT_NAME = "$(TARGET_NAME)";
				SWIFT_EMIT_LOC_STRINGS = YES;
				SWIFT_VERSION = 5.0;
				TARGETED_DEVICE_FAMILY = "1,2";
			};
			name = Release;
		};
		FA4935DE2B3AF1C200AF85FE /* Debug */ = {
			isa = XCBuildConfiguration;
			buildSettings = {
				ALWAYS_EMBED_SWIFT_STANDARD_LIBRARIES = YES;
				BUNDLE_LOADER = "$(TEST_HOST)";
				CODE_SIGN_STYLE = Automatic;
				CURRENT_PROJECT_VERSION = 1;
				DEVELOPMENT_TEAM = M5KWTTU9MA;
				GENERATE_INFOPLIST_FILE = YES;
				IPHONEOS_DEPLOYMENT_TARGET = 17.0;
				MARKETING_VERSION = 1.0;
				PRODUCT_BUNDLE_IDENTIFIER = com.deneme.landmarkBookTests;
				PRODUCT_NAME = "$(TARGET_NAME)";
				SWIFT_EMIT_LOC_STRINGS = NO;
				SWIFT_VERSION = 5.0;
				TARGETED_DEVICE_FAMILY = "1,2";
				TEST_HOST = "$(BUILT_PRODUCTS_DIR)/landmarkBook.app/$(BUNDLE_EXECUTABLE_FOLDER_PATH)/landmarkBook";
			};
			name = Debug;
		};
		FA4935DF2B3AF1C200AF85FE /* Release */ = {
			isa = XCBuildConfiguration;
			buildSettings = {
				ALWAYS_EMBED_SWIFT_STANDARD_LIBRARIES = YES;
				BUNDLE_LOADER = "$(TEST_HOST)";
				CODE_SIGN_STYLE = Automatic;
				CURRENT_PROJECT_VERSION = 1;
				DEVELOPMENT_TEAM = M5KWTTU9MA;
				GENERATE_INFOPLIST_FILE = YES;
				IPHONEOS_DEPLOYMENT_TARGET = 17.0;
				MARKETING_VERSION = 1.0;
				PRODUCT_BUNDLE_IDENTIFIER = com.deneme.landmarkBookTests;
				PRODUCT_NAME = "$(TARGET_NAME)";
				SWIFT_EMIT_LOC_STRINGS = NO;
				SWIFT_VERSION = 5.0;
				TARGETED_DEVICE_FAMILY = "1,2";
				TEST_HOST = "$(BUILT_PRODUCTS_DIR)/landmarkBook.app/$(BUNDLE_EXECUTABLE_FOLDER_PATH)/landmarkBook";
			};
			name = Release;
		};
		FA4935E12B3AF1C200AF85FE /* Debug */ = {
			isa = XCBuildConfiguration;
			buildSettings = {
				ALWAYS_EMBED_SWIFT_STANDARD_LIBRARIES = YES;
				CODE_SIGN_STYLE = Automatic;
				CURRENT_PROJECT_VERSION = 1;
				DEVELOPMENT_TEAM = M5KWTTU9MA;
				GENERATE_INFOPLIST_FILE = YES;
				MARKETING_VERSION = 1.0;
				PRODUCT_BUNDLE_IDENTIFIER = com.deneme.landmarkBookUITests;
				PRODUCT_NAME = "$(TARGET_NAME)";
				SWIFT_EMIT_LOC_STRINGS = NO;
				SWIFT_VERSION = 5.0;
				TARGETED_DEVICE_FAMILY = "1,2";
				TEST_TARGET_NAME = landmarkBook;
			};
			name = Debug;
		};
		FA4935E22B3AF1C200AF85FE /* Release */ = {
			isa = XCBuildConfiguration;
			buildSettings = {
				ALWAYS_EMBED_SWIFT_STANDARD_LIBRARIES = YES;
				CODE_SIGN_STYLE = Automatic;
				CURRENT_PROJECT_VERSION = 1;
				DEVELOPMENT_TEAM = M5KWTTU9MA;
				GENERATE_INFOPLIST_FILE = YES;
				MARKETING_VERSION = 1.0;
				PRODUCT_BUNDLE_IDENTIFIER = com.deneme.landmarkBookUITests;
				PRODUCT_NAME = "$(TARGET_NAME)";
				SWIFT_EMIT_LOC_STRINGS = NO;
				SWIFT_VERSION = 5.0;
				TARGETED_DEVICE_FAMILY = "1,2";
				TEST_TARGET_NAME = landmarkBook;
			};
			name = Release;
		};
/* End XCBuildConfiguration section */

/* Begin XCConfigurationList section */
		FA4935AB2B3AF1BB00AF85FE /* Build configuration list for PBXProject "landmarkBook" */ = {
			isa = XCConfigurationList;
			buildConfigurations = (
				FA4935D82B3AF1C200AF85FE /* Debug */,
				FA4935D92B3AF1C200AF85FE /* Release */,
			);
			defaultConfigurationIsVisible = 0;
			defaultConfigurationName = Release;
		};
		FA4935DA2B3AF1C200AF85FE /* Build configuration list for PBXNativeTarget "landmarkBook" */ = {
			isa = XCConfigurationList;
			buildConfigurations = (
				FA4935DB2B3AF1C200AF85FE /* Debug */,
				FA4935DC2B3AF1C200AF85FE /* Release */,
			);
			defaultConfigurationIsVisible = 0;
			defaultConfigurationName = Release;
		};
		FA4935DD2B3AF1C200AF85FE /* Build configuration list for PBXNativeTarget "landmarkBookTests" */ = {
			isa = XCConfigurationList;
			buildConfigurations = (
				FA4935DE2B3AF1C200AF85FE /* Debug */,
				FA4935DF2B3AF1C200AF85FE /* Release */,
			);
			defaultConfigurationIsVisible = 0;
			defaultConfigurationName = Release;
		};
		FA4935E02B3AF1C200AF85FE /* Build configuration list for PBXNativeTarget "landmarkBookUITests" */ = {
			isa = XCConfigurationList;
			buildConfigurations = (
				FA4935E12B3AF1C200AF85FE /* Debug */,
				FA4935E22B3AF1C200AF85FE /* Release */,
			);
			defaultConfigurationIsVisible = 0;
			defaultConfigurationName = Release;
		};
/* End XCConfigurationList section */
	};
	rootObject = FA4935A82B3AF1BB00AF85FE /* Project object */;
}
